// !$*UTF8*$!
{
	archiveVersion = 1;
	classes = {
	};
	objectVersion = 56;
	objects = {

/* Begin PBXBuildFile section */
		4B9EBCCD2A1CDE1500210037 /* AppDelegate.swift in Sources */ = {isa = PBXBuildFile; fileRef = 4B9EBCCC2A1CDE1500210037 /* AppDelegate.swift */; };
		4B9EBCCF2A1CDE1500210037 /* SceneDelegate.swift in Sources */ = {isa = PBXBuildFile; fileRef = 4B9EBCCE2A1CDE1500210037 /* SceneDelegate.swift */; };
		4B9EBCD12A1CDE1500210037 /* ProductVC.swift in Sources */ = {isa = PBXBuildFile; fileRef = 4B9EBCD02A1CDE1500210037 /* ProductVC.swift */; };
		4B9EBCD42A1CDE1500210037 /* Main.storyboard in Resources */ = {isa = PBXBuildFile; fileRef = 4B9EBCD22A1CDE1500210037 /* Main.storyboard */; };
		4B9EBCD62A1CDE1600210037 /* Assets.xcassets in Resources */ = {isa = PBXBuildFile; fileRef = 4B9EBCD52A1CDE1600210037 /* Assets.xcassets */; };
		4B9EBCD92A1CDE1600210037 /* LaunchScreen.storyboard in Resources */ = {isa = PBXBuildFile; fileRef = 4B9EBCD72A1CDE1600210037 /* LaunchScreen.storyboard */; };
		4B9EBCE62A1CE35C00210037 /* SearchVC.swift in Sources */ = {isa = PBXBuildFile; fileRef = 4B9EBCE42A1CE35C00210037 /* SearchVC.swift */; };
		4B9EBCE72A1CE35C00210037 /* SearchVC.xib in Resources */ = {isa = PBXBuildFile; fileRef = 4B9EBCE52A1CE35C00210037 /* SearchVC.xib */; };
		4B9EBCEA2A20A71700210037 /* AddProductVC.swift in Sources */ = {isa = PBXBuildFile; fileRef = 4B9EBCE82A20A71700210037 /* AddProductVC.swift */; };
		4B9EBCEB2A20A71700210037 /* AddProductVC.xib in Resources */ = {isa = PBXBuildFile; fileRef = 4B9EBCE92A20A71700210037 /* AddProductVC.xib */; };
		4B9EBCEF2A20AC1500210037 /* ProductTableViewCell.swift in Sources */ = {isa = PBXBuildFile; fileRef = 4B9EBCED2A20AC1500210037 /* ProductTableViewCell.swift */; };
		4B9EBCF02A20AC1500210037 /* ProductTableViewCell.xib in Resources */ = {isa = PBXBuildFile; fileRef = 4B9EBCEE2A20AC1500210037 /* ProductTableViewCell.xib */; };
		4B9EBCF32A20BB9C00210037 /* Model.swift in Sources */ = {isa = PBXBuildFile; fileRef = 4B9EBCF22A20BB9C00210037 /* Model.swift */; };
		4B9EBCF62A20BE7100210037 /* NetworkService.swift in Sources */ = {isa = PBXBuildFile; fileRef = 4B9EBCF52A20BE7100210037 /* NetworkService.swift */; };
		4B9EBCFA2A20C63D00210037 /* ImageDownloader.swift in Sources */ = {isa = PBXBuildFile; fileRef = 4B9EBCF92A20C63D00210037 /* ImageDownloader.swift */; };
		4B9EBCFE2A20CAA500210037 /* CategoryCell.swift in Sources */ = {isa = PBXBuildFile; fileRef = 4B9EBCFC2A20CAA500210037 /* CategoryCell.swift */; };
		4B9EBCFF2A20CAA500210037 /* CategoryCell.xib in Resources */ = {isa = PBXBuildFile; fileRef = 4B9EBCFD2A20CAA500210037 /* CategoryCell.xib */; };
		4B9EBD012A20CC1200210037 /* Category.swift in Sources */ = {isa = PBXBuildFile; fileRef = 4B9EBD002A20CC1200210037 /* Category.swift */; };
		4B9EBD052A20D74700210037 /* DeliveryCell.swift in Sources */ = {isa = PBXBuildFile; fileRef = 4B9EBD032A20D74700210037 /* DeliveryCell.swift */; };
		4B9EBD062A20D74800210037 /* DeliveryCell.xib in Resources */ = {isa = PBXBuildFile; fileRef = 4B9EBD042A20D74700210037 /* DeliveryCell.xib */; };
/* End PBXBuildFile section */

/* Begin PBXFileReference section */
		4B9EBCC92A1CDE1500210037 /* domashka1Ram.app */ = {isa = PBXFileReference; explicitFileType = wrapper.application; includeInIndex = 0; path = domashka1Ram.app; sourceTree = BUILT_PRODUCTS_DIR; };
		4B9EBCCC2A1CDE1500210037 /* AppDelegate.swift */ = {isa = PBXFileReference; lastKnownFileType = sourcecode.swift; path = AppDelegate.swift; sourceTree = "<group>"; };
		4B9EBCCE2A1CDE1500210037 /* SceneDelegate.swift */ = {isa = PBXFileReference; lastKnownFileType = sourcecode.swift; path = SceneDelegate.swift; sourceTree = "<group>"; };
		4B9EBCD02A1CDE1500210037 /* ProductVC.swift */ = {isa = PBXFileReference; lastKnownFileType = sourcecode.swift; path = ProductVC.swift; sourceTree = "<group>"; };
		4B9EBCD32A1CDE1500210037 /* Base */ = {isa = PBXFileReference; lastKnownFileType = file.storyboard; name = Base; path = Base.lproj/Main.storyboard; sourceTree = "<group>"; };
		4B9EBCD52A1CDE1600210037 /* Assets.xcassets */ = {isa = PBXFileReference; lastKnownFileType = folder.assetcatalog; path = Assets.xcassets; sourceTree = "<group>"; };
		4B9EBCD82A1CDE1600210037 /* Base */ = {isa = PBXFileReference; lastKnownFileType = file.storyboard; name = Base; path = Base.lproj/LaunchScreen.storyboard; sourceTree = "<group>"; };
		4B9EBCDA2A1CDE1600210037 /* Info.plist */ = {isa = PBXFileReference; lastKnownFileType = text.plist.xml; path = Info.plist; sourceTree = "<group>"; };
		4B9EBCE42A1CE35C00210037 /* SearchVC.swift */ = {isa = PBXFileReference; lastKnownFileType = sourcecode.swift; path = SearchVC.swift; sourceTree = "<group>"; };
		4B9EBCE52A1CE35C00210037 /* SearchVC.xib */ = {isa = PBXFileReference; lastKnownFileType = file.xib; path = SearchVC.xib; sourceTree = "<group>"; };
		4B9EBCE82A20A71700210037 /* AddProductVC.swift */ = {isa = PBXFileReference; lastKnownFileType = sourcecode.swift; path = AddProductVC.swift; sourceTree = "<group>"; };
		4B9EBCE92A20A71700210037 /* AddProductVC.xib */ = {isa = PBXFileReference; lastKnownFileType = file.xib; path = AddProductVC.xib; sourceTree = "<group>"; };
		4B9EBCED2A20AC1500210037 /* ProductTableViewCell.swift */ = {isa = PBXFileReference; lastKnownFileType = sourcecode.swift; path = ProductTableViewCell.swift; sourceTree = "<group>"; };
		4B9EBCEE2A20AC1500210037 /* ProductTableViewCell.xib */ = {isa = PBXFileReference; lastKnownFileType = file.xib; path = ProductTableViewCell.xib; sourceTree = "<group>"; };
		4B9EBCF22A20BB9C00210037 /* Model.swift */ = {isa = PBXFileReference; lastKnownFileType = sourcecode.swift; path = Model.swift; sourceTree = "<group>"; };
		4B9EBCF52A20BE7100210037 /* NetworkService.swift */ = {isa = PBXFileReference; lastKnownFileType = sourcecode.swift; path = NetworkService.swift; sourceTree = "<group>"; };
		4B9EBCF92A20C63D00210037 /* ImageDownloader.swift */ = {isa = PBXFileReference; lastKnownFileType = sourcecode.swift; path = ImageDownloader.swift; sourceTree = "<group>"; };
		4B9EBCFC2A20CAA500210037 /* CategoryCell.swift */ = {isa = PBXFileReference; lastKnownFileType = sourcecode.swift; path = CategoryCell.swift; sourceTree = "<group>"; };
		4B9EBCFD2A20CAA500210037 /* CategoryCell.xib */ = {isa = PBXFileReference; lastKnownFileType = file.xib; path = CategoryCell.xib; sourceTree = "<group>"; };
		4B9EBD002A20CC1200210037 /* Category.swift */ = {isa = PBXFileReference; lastKnownFileType = sourcecode.swift; path = Category.swift; sourceTree = "<group>"; };
		4B9EBD032A20D74700210037 /* DeliveryCell.swift */ = {isa = PBXFileReference; lastKnownFileType = sourcecode.swift; path = DeliveryCell.swift; sourceTree = "<group>"; };
		4B9EBD042A20D74700210037 /* DeliveryCell.xib */ = {isa = PBXFileReference; lastKnownFileType = file.xib; path = DeliveryCell.xib; sourceTree = "<group>"; };
/* End PBXFileReference section */

/* Begin PBXFrameworksBuildPhase section */
		4B9EBCC62A1CDE1400210037 /* Frameworks */ = {
			isa = PBXFrameworksBuildPhase;
			buildActionMask = 2147483647;
			files = (
			);
			runOnlyForDeploymentPostprocessing = 0;
		};
/* End PBXFrameworksBuildPhase section */

/* Begin PBXGroup section */
		4B9EBCC02A1CDE1400210037 = {
			isa = PBXGroup;
			children = (
				4B9EBCCB2A1CDE1500210037 /* domashka1Ram */,
				4B9EBCCA2A1CDE1500210037 /* Products */,
			);
			sourceTree = "<group>";
		};
		4B9EBCCA2A1CDE1500210037 /* Products */ = {
			isa = PBXGroup;
			children = (
				4B9EBCC92A1CDE1500210037 /* domashka1Ram.app */,
			);
			name = Products;
			sourceTree = "<group>";
		};
		4B9EBCCB2A1CDE1500210037 /* domashka1Ram */ = {
			isa = PBXGroup;
			children = (
				4B9EBCF82A20C62C00210037 /* Common */,
				4B9EBCF72A20C62200210037 /* API Manager */,
				4B9EBCF12A20BB8E00210037 /* Model */,
				4B9EBCE02A1CE2C300210037 /* Delegate */,
				4B9EBCE32A1CE32400210037 /* Views */,
				4B9EBCE22A1CE2DD00210037 /* Resource */,
				4B9EBCDA2A1CDE1600210037 /* Info.plist */,
			);
			path = domashka1Ram;
			sourceTree = "<group>";
		};
		4B9EBCE02A1CE2C300210037 /* Delegate */ = {
			isa = PBXGroup;
			children = (
				4B9EBCCC2A1CDE1500210037 /* AppDelegate.swift */,
				4B9EBCCE2A1CDE1500210037 /* SceneDelegate.swift */,
			);
			path = Delegate;
			sourceTree = "<group>";
		};
		4B9EBCE22A1CE2DD00210037 /* Resource */ = {
			isa = PBXGroup;
			children = (
				4B9EBCD52A1CDE1600210037 /* Assets.xcassets */,
				4B9EBCD72A1CDE1600210037 /* LaunchScreen.storyboard */,
			);
			path = Resource;
			sourceTree = "<group>";
		};
		4B9EBCE32A1CE32400210037 /* Views */ = {
			isa = PBXGroup;
			children = (
				4B9EBCD02A1CDE1500210037 /* ProductVC.swift */,
				4B9EBCD22A1CDE1500210037 /* Main.storyboard */,
				4B9EBCE42A1CE35C00210037 /* SearchVC.swift */,
				4B9EBCE52A1CE35C00210037 /* SearchVC.xib */,
				4B9EBCE82A20A71700210037 /* AddProductVC.swift */,
				4B9EBCE92A20A71700210037 /* AddProductVC.xib */,
				4B9EBCFB2A20CA6000210037 /* CategoryCell */,
				4B9EBCEC2A20ABEF00210037 /* ProductCell */,
				4B9EBD022A20D71800210037 /* DeliveryCell */,
			);
			path = Views;
			sourceTree = "<group>";
		};
		4B9EBCEC2A20ABEF00210037 /* ProductCell */ = {
			isa = PBXGroup;
			children = (
				4B9EBCED2A20AC1500210037 /* ProductTableViewCell.swift */,
				4B9EBCEE2A20AC1500210037 /* ProductTableViewCell.xib */,
			);
			path = ProductCell;
			sourceTree = "<group>";
		};
		4B9EBCF12A20BB8E00210037 /* Model */ = {
			isa = PBXGroup;
			children = (
				4B9EBCF22A20BB9C00210037 /* Model.swift */,
			);
			path = Model;
			sourceTree = "<group>";
		};
		4B9EBCF72A20C62200210037 /* API Manager */ = {
			isa = PBXGroup;
			children = (
				4B9EBCF52A20BE7100210037 /* NetworkService.swift */,
			);
			path = "API Manager";
			sourceTree = "<group>";
		};
		4B9EBCF82A20C62C00210037 /* Common */ = {
			isa = PBXGroup;
			children = (
				4B9EBCF92A20C63D00210037 /* ImageDownloader.swift */,
				4B9EBD002A20CC1200210037 /* Category.swift */,
			);
			path = Common;
			sourceTree = "<group>";
		};
		4B9EBCFB2A20CA6000210037 /* CategoryCell */ = {
			isa = PBXGroup;
			children = (
				4B9EBCFC2A20CAA500210037 /* CategoryCell.swift */,
				4B9EBCFD2A20CAA500210037 /* CategoryCell.xib */,
			);
			path = CategoryCell;
			sourceTree = "<group>";
		};
		4B9EBD022A20D71800210037 /* DeliveryCell */ = {
			isa = PBXGroup;
			children = (
				4B9EBD032A20D74700210037 /* DeliveryCell.swift */,
				4B9EBD042A20D74700210037 /* DeliveryCell.xib */,
			);
			path = DeliveryCell;
			sourceTree = "<group>";
		};
/* End PBXGroup section */

/* Begin PBXNativeTarget section */
		4B9EBCC82A1CDE1400210037 /* domashka1Ram */ = {
			isa = PBXNativeTarget;
			buildConfigurationList = 4B9EBCDD2A1CDE1600210037 /* Build configuration list for PBXNativeTarget "domashka1Ram" */;
			buildPhases = (
				4B9EBCC52A1CDE1400210037 /* Sources */,
				4B9EBCC62A1CDE1400210037 /* Frameworks */,
				4B9EBCC72A1CDE1400210037 /* Resources */,
			);
			buildRules = (
			);
			dependencies = (
			);
			name = domashka1Ram;
			productName = domashka1Ram;
			productReference = 4B9EBCC92A1CDE1500210037 /* domashka1Ram.app */;
			productType = "com.apple.product-type.application";
		};
/* End PBXNativeTarget section */

/* Begin PBXProject section */
		4B9EBCC12A1CDE1400210037 /* Project object */ = {
			isa = PBXProject;
			attributes = {
				BuildIndependentTargetsInParallel = 1;
				LastSwiftUpdateCheck = 1430;
				LastUpgradeCheck = 1430;
				TargetAttributes = {
					4B9EBCC82A1CDE1400210037 = {
						CreatedOnToolsVersion = 14.3;
					};
				};
			};
			buildConfigurationList = 4B9EBCC42A1CDE1400210037 /* Build configuration list for PBXProject "domashka1Ram" */;
			compatibilityVersion = "Xcode 14.0";
			developmentRegion = en;
			hasScannedForEncodings = 0;
			knownRegions = (
				en,
				Base,
			);
			mainGroup = 4B9EBCC02A1CDE1400210037;
			productRefGroup = 4B9EBCCA2A1CDE1500210037 /* Products */;
			projectDirPath = "";
			projectRoot = "";
			targets = (
				4B9EBCC82A1CDE1400210037 /* domashka1Ram */,
			);
		};
/* End PBXProject section */

/* Begin PBXResourcesBuildPhase section */
		4B9EBCC72A1CDE1400210037 /* Resources */ = {
			isa = PBXResourcesBuildPhase;
			buildActionMask = 2147483647;
			files = (
				4B9EBCE72A1CE35C00210037 /* SearchVC.xib in Resources */,
				4B9EBCFF2A20CAA500210037 /* CategoryCell.xib in Resources */,
				4B9EBCF02A20AC1500210037 /* ProductTableViewCell.xib in Resources */,
				4B9EBCEB2A20A71700210037 /* AddProductVC.xib in Resources */,
				4B9EBCD92A1CDE1600210037 /* LaunchScreen.storyboard in Resources */,
				4B9EBD062A20D74800210037 /* DeliveryCell.xib in Resources */,
				4B9EBCD62A1CDE1600210037 /* Assets.xcassets in Resources */,
				4B9EBCD42A1CDE1500210037 /* Main.storyboard in Resources */,
			);
			runOnlyForDeploymentPostprocessing = 0;
		};
/* End PBXResourcesBuildPhase section */

/* Begin PBXSourcesBuildPhase section */
		4B9EBCC52A1CDE1400210037 /* Sources */ = {
			isa = PBXSourcesBuildPhase;
			buildActionMask = 2147483647;
			files = (
				4B9EBCF32A20BB9C00210037 /* Model.swift in Sources */,
				4B9EBCEA2A20A71700210037 /* AddProductVC.swift in Sources */,
				4B9EBCF62A20BE7100210037 /* NetworkService.swift in Sources */,
				4B9EBCE62A1CE35C00210037 /* SearchVC.swift in Sources */,
				4B9EBCD12A1CDE1500210037 /* ProductVC.swift in Sources */,
				4B9EBCCD2A1CDE1500210037 /* AppDelegate.swift in Sources */,
				4B9EBCCF2A1CDE1500210037 /* SceneDelegate.swift in Sources */,
				4B9EBCFA2A20C63D00210037 /* ImageDownloader.swift in Sources */,
				4B9EBCEF2A20AC1500210037 /* ProductTableViewCell.swift in Sources */,
				4B9EBD052A20D74700210037 /* DeliveryCell.swift in Sources */,
				4B9EBCFE2A20CAA500210037 /* CategoryCell.swift in Sources */,
				4B9EBD012A20CC1200210037 /* Category.swift in Sources */,
			);
			runOnlyForDeploymentPostprocessing = 0;
		};
/* End PBXSourcesBuildPhase section */

/* Begin PBXVariantGroup section */
		4B9EBCD22A1CDE1500210037 /* Main.storyboard */ = {
			isa = PBXVariantGroup;
			children = (
				4B9EBCD32A1CDE1500210037 /* Base */,
			);
			name = Main.storyboard;
			sourceTree = "<group>";
		};
		4B9EBCD72A1CDE1600210037 /* LaunchScreen.storyboard */ = {
			isa = PBXVariantGroup;
			children = (
				4B9EBCD82A1CDE1600210037 /* Base */,
			);
			name = LaunchScreen.storyboard;
			sourceTree = "<group>";
		};
/* End PBXVariantGroup section */

/* Begin XCBuildConfiguration section */
		4B9EBCDB2A1CDE1600210037 /* Debug */ = {
			isa = XCBuildConfiguration;
			buildSettings = {
				ALWAYS_SEARCH_USER_PATHS = NO;
				CLANG_ANALYZER_NONNULL = YES;
				CLANG_ANALYZER_NUMBER_OBJECT_CONVERSION = YES_AGGRESSIVE;
				CLANG_CXX_LANGUAGE_STANDARD = "gnu++20";
				CLANG_ENABLE_MODULES = YES;
				CLANG_ENABLE_OBJC_ARC = YES;
				CLANG_ENABLE_OBJC_WEAK = YES;
				CLANG_WARN_BLOCK_CAPTURE_AUTORELEASING = YES;
				CLANG_WARN_BOOL_CONVERSION = YES;
				CLANG_WARN_COMMA = YES;
				CLANG_WARN_CONSTANT_CONVERSION = YES;
				CLANG_WARN_DEPRECATED_OBJC_IMPLEMENTATIONS = YES;
				CLANG_WARN_DIRECT_OBJC_ISA_USAGE = YES_ERROR;
				CLANG_WARN_DOCUMENTATION_COMMENTS = YES;
				CLANG_WARN_EMPTY_BODY = YES;
				CLANG_WARN_ENUM_CONVERSION = YES;
				CLANG_WARN_INFINITE_RECURSION = YES;
				CLANG_WARN_INT_CONVERSION = YES;
				CLANG_WARN_NON_LITERAL_NULL_CONVERSION = YES;
				CLANG_WARN_OBJC_IMPLICIT_RETAIN_SELF = YES;
				CLANG_WARN_OBJC_LITERAL_CONVERSION = YES;
				CLANG_WARN_OBJC_ROOT_CLASS = YES_ERROR;
				CLANG_WARN_QUOTED_INCLUDE_IN_FRAMEWORK_HEADER = YES;
				CLANG_WARN_RANGE_LOOP_ANALYSIS = YES;
				CLANG_WARN_STRICT_PROTOTYPES = YES;
				CLANG_WARN_SUSPICIOUS_MOVE = YES;
				CLANG_WARN_UNGUARDED_AVAILABILITY = YES_AGGRESSIVE;
				CLANG_WARN_UNREACHABLE_CODE = YES;
				CLANG_WARN__DUPLICATE_METHOD_MATCH = YES;
				COPY_PHASE_STRIP = NO;
				DEBUG_INFORMATION_FORMAT = dwarf;
				ENABLE_STRICT_OBJC_MSGSEND = YES;
				ENABLE_TESTABILITY = YES;
				GCC_C_LANGUAGE_STANDARD = gnu11;
				GCC_DYNAMIC_NO_PIC = NO;
				GCC_NO_COMMON_BLOCKS = YES;
				GCC_OPTIMIZATION_LEVEL = 0;
				GCC_PREPROCESSOR_DEFINITIONS = (
					"DEBUG=1",
					"$(inherited)",
				);
				GCC_WARN_64_TO_32_BIT_CONVERSION = YES;
				GCC_WARN_ABOUT_RETURN_TYPE = YES_ERROR;
				GCC_WARN_UNDECLARED_SELECTOR = YES;
				GCC_WARN_UNINITIALIZED_AUTOS = YES_AGGRESSIVE;
				GCC_WARN_UNUSED_FUNCTION = YES;
				GCC_WARN_UNUSED_VARIABLE = YES;
				IPHONEOS_DEPLOYMENT_TARGET = 16.4;
				MTL_ENABLE_DEBUG_INFO = INCLUDE_SOURCE;
				MTL_FAST_MATH = YES;
				ONLY_ACTIVE_ARCH = YES;
				SDKROOT = iphoneos;
				SWIFT_ACTIVE_COMPILATION_CONDITIONS = DEBUG;
				SWIFT_OPTIMIZATION_LEVEL = "-Onone";
			};
			name = Debug;
		};
		4B9EBCDC2A1CDE1600210037 /* Release */ = {
			isa = XCBuildConfiguration;
			buildSettings = {
				ALWAYS_SEARCH_USER_PATHS = NO;
				CLANG_ANALYZER_NONNULL = YES;
				CLANG_ANALYZER_NUMBER_OBJECT_CONVERSION = YES_AGGRESSIVE;
				CLANG_CXX_LANGUAGE_STANDARD = "gnu++20";
				CLANG_ENABLE_MODULES = YES;
				CLANG_ENABLE_OBJC_ARC = YES;
				CLANG_ENABLE_OBJC_WEAK = YES;
				CLANG_WARN_BLOCK_CAPTURE_AUTORELEASING = YES;
				CLANG_WARN_BOOL_CONVERSION = YES;
				CLANG_WARN_COMMA = YES;
				CLANG_WARN_CONSTANT_CONVERSION = YES;
				CLANG_WARN_DEPRECATED_OBJC_IMPLEMENTATIONS = YES;
				CLANG_WARN_DIRECT_OBJC_ISA_USAGE = YES_ERROR;
				CLANG_WARN_DOCUMENTATION_COMMENTS = YES;
				CLANG_WARN_EMPTY_BODY = YES;
				CLANG_WARN_ENUM_CONVERSION = YES;
				CLANG_WARN_INFINITE_RECURSION = YES;
				CLANG_WARN_INT_CONVERSION = YES;
				CLANG_WARN_NON_LITERAL_NULL_CONVERSION = YES;
				CLANG_WARN_OBJC_IMPLICIT_RETAIN_SELF = YES;
				CLANG_WARN_OBJC_LITERAL_CONVERSION = YES;
				CLANG_WARN_OBJC_ROOT_CLASS = YES_ERROR;
				CLANG_WARN_QUOTED_INCLUDE_IN_FRAMEWORK_HEADER = YES;
				CLANG_WARN_RANGE_LOOP_ANALYSIS = YES;
				CLANG_WARN_STRICT_PROTOTYPES = YES;
				CLANG_WARN_SUSPICIOUS_MOVE = YES;
				CLANG_WARN_UNGUARDED_AVAILABILITY = YES_AGGRESSIVE;
				CLANG_WARN_UNREACHABLE_CODE = YES;
				CLANG_WARN__DUPLICATE_METHOD_MATCH = YES;
				COPY_PHASE_STRIP = NO;
				DEBUG_INFORMATION_FORMAT = "dwarf-with-dsym";
				ENABLE_NS_ASSERTIONS = NO;
				ENABLE_STRICT_OBJC_MSGSEND = YES;
				GCC_C_LANGUAGE_STANDARD = gnu11;
				GCC_NO_COMMON_BLOCKS = YES;
				GCC_WARN_64_TO_32_BIT_CONVERSION = YES;
				GCC_WARN_ABOUT_RETURN_TYPE = YES_ERROR;
				GCC_WARN_UNDECLARED_SELECTOR = YES;
				GCC_WARN_UNINITIALIZED_AUTOS = YES_AGGRESSIVE;
				GCC_WARN_UNUSED_FUNCTION = YES;
				GCC_WARN_UNUSED_VARIABLE = YES;
				IPHONEOS_DEPLOYMENT_TARGET = 16.4;
				MTL_ENABLE_DEBUG_INFO = NO;
				MTL_FAST_MATH = YES;
				SDKROOT = iphoneos;
				SWIFT_COMPILATION_MODE = wholemodule;
				SWIFT_OPTIMIZATION_LEVEL = "-O";
				VALIDATE_PRODUCT = YES;
			};
			name = Release;
		};
		4B9EBCDE2A1CDE1600210037 /* Debug */ = {
			isa = XCBuildConfiguration;
			buildSettings = {
				ASSETCATALOG_COMPILER_APPICON_NAME = AppIcon;
				ASSETCATALOG_COMPILER_GLOBAL_ACCENT_COLOR_NAME = AccentColor;
				CODE_SIGN_STYLE = Automatic;
				CURRENT_PROJECT_VERSION = 1;
				DEVELOPMENT_TEAM = Q2933N338C;
				GENERATE_INFOPLIST_FILE = YES;
				INFOPLIST_FILE = domashka1Ram/Info.plist;
				INFOPLIST_KEY_UIApplicationSupportsIndirectInputEvents = YES;
				INFOPLIST_KEY_UILaunchStoryboardName = LaunchScreen;
				INFOPLIST_KEY_UIMainStoryboardFile = Main;
				INFOPLIST_KEY_UISupportedInterfaceOrientations_iPad = "UIInterfaceOrientationPortrait UIInterfaceOrientationPortraitUpsideDown UIInterfaceOrientationLandscapeLeft UIInterfaceOrientationLandscapeRight";
				INFOPLIST_KEY_UISupportedInterfaceOrientations_iPhone = "UIInterfaceOrientationPortrait UIInterfaceOrientationLandscapeLeft UIInterfaceOrientationLandscapeRight";
				LD_RUNPATH_SEARCH_PATHS = (
					"$(inherited)",
					"@executable_path/Frameworks",
				);
				MARKETING_VERSION = 1.0;
				PRODUCT_BUNDLE_IDENTIFIER = erzhan.swift.domashka1Ram;
				PRODUCT_NAME = "$(TARGET_NAME)";
				SWIFT_EMIT_LOC_STRINGS = YES;
				SWIFT_VERSION = 5.0;
				TARGETED_DEVICE_FAMILY = "1,2";
			};
			name = Debug;
		};
		4B9EBCDF2A1CDE1600210037 /* Release */ = {
			isa = XCBuildConfiguration;
			buildSettings = {
				ASSETCATALOG_COMPILER_APPICON_NAME = AppIcon;
				ASSETCATALOG_COMPILER_GLOBAL_ACCENT_COLOR_NAME = AccentColor;
				CODE_SIGN_STYLE = Automatic;
				CURRENT_PROJECT_VERSION = 1;
				DEVELOPMENT_TEAM = Q2933N338C;
				GENERATE_INFOPLIST_FILE = YES;
				INFOPLIST_FILE = domashka1Ram/Info.plist;
				INFOPLIST_KEY_UIApplicationSupportsIndirectInputEvents = YES;
				INFOPLIST_KEY_UILaunchStoryboardName = LaunchScreen;
				INFOPLIST_KEY_UIMainStoryboardFile = Main;
				INFOPLIST_KEY_UISupportedInterfaceOrientations_iPad = "UIInterfaceOrientationPortrait UIInterfaceOrientationPortraitUpsideDown UIInterfaceOrientationLandscapeLeft UIInterfaceOrientationLandscapeRight";
				INFOPLIST_KEY_UISupportedInterfaceOrientations_iPhone = "UIInterfaceOrientationPortrait UIInterfaceOrientationLandscapeLeft UIInterfaceOrientationLandscapeRight";
				LD_RUNPATH_SEARCH_PATHS = (
					"$(inherited)",
					"@executable_path/Frameworks",
				);
				MARKETING_VERSION = 1.0;
				PRODUCT_BUNDLE_IDENTIFIER = erzhan.swift.domashka1Ram;
				PRODUCT_NAME = "$(TARGET_NAME)";
				SWIFT_EMIT_LOC_STRINGS = YES;
				SWIFT_VERSION = 5.0;
				TARGETED_DEVICE_FAMILY = "1,2";
			};
			name = Release;
		};
/* End XCBuildConfiguration section */

/* Begin XCConfigurationList section */
		4B9EBCC42A1CDE1400210037 /* Build configuration list for PBXProject "domashka1Ram" */ = {
			isa = XCConfigurationList;
			buildConfigurations = (
				4B9EBCDB2A1CDE1600210037 /* Debug */,
				4B9EBCDC2A1CDE1600210037 /* Release */,
			);
			defaultConfigurationIsVisible = 0;
			defaultConfigurationName = Release;
		};
		4B9EBCDD2A1CDE1600210037 /* Build configuration list for PBXNativeTarget "domashka1Ram" */ = {
			isa = XCConfigurationList;
			buildConfigurations = (
				4B9EBCDE2A1CDE1600210037 /* Debug */,
				4B9EBCDF2A1CDE1600210037 /* Release */,
			);
			defaultConfigurationIsVisible = 0;
			defaultConfigurationName = Release;
		};
/* End XCConfigurationList section */
	};
	rootObject = 4B9EBCC12A1CDE1400210037 /* Project object */;
}
